
Microsoft Visual Studio Solution File, Format Version 12.00
# Visual Studio Version 17
VisualStudioVersion = 17.11.35312.102
MinimumVisualStudioVersion = 10.0.40219.1
Project("{FAE04EC0-301F-11D3-BF4B-00C04F79EFBC}") = "ECommerceMVC", "ECommerceMVC.csproj", "{6008C132-6BF8-4181-B51A-D43267FCEA2A}"
EndProject
Global
	GlobalSection(SolutionConfigurationPlatforms) = preSolution
		Debug|Any CPU = Debug|Any CPU
		Release|Any CPU = Release|Any CPU
	EndGlobalSection
	GlobalSection(ProjectConfigurationPlatforms) = postSolution
		{6008C132-6BF8-4181-B51A-D43267FCEA2A}.Debug|Any CPU.ActiveCfg = Debug|Any CPU
		{6008C132-6BF8-4181-B51A-D43267FCEA2A}.Debug|Any CPU.Build.0 = Debug|Any CPU
		{6008C132-6BF8-4181-B51A-D43267FCEA2A}.Release|Any CPU.ActiveCfg = Release|Any CPU
		{6008C132-6BF8-4181-B51A-D43267FCEA2A}.Release|Any CPU.Build.0 = Release|Any CPU
	EndGlobalSection
	GlobalSection(SolutionProperties) = preSolution
		HideSolutionNode = FALSE
	EndGlobalSection
	GlobalSection(ExtensibilityGlobals) = postSolution
		SolutionGuid = {30F176B9-F272-442B-A531-928416650529}
	EndGlobalSection
EndGlobal
